// !$*UTF8*$!
{
	archiveVersion = 1;
	classes = {
	};
	objectVersion = 46;
	objects = {

/* Begin PBXAggregateTarget section */
		"UseCaseKit::UseCaseKitPackageTests::ProductTarget" /* UseCaseKitPackageTests */ = {
			isa = PBXAggregateTarget;
			buildConfigurationList = OBJ_31 /* Build configuration list for PBXAggregateTarget "UseCaseKitPackageTests" */;
			buildPhases = (
			);
			dependencies = (
				OBJ_34 /* PBXTargetDependency */,
			);
			name = UseCaseKitPackageTests;
			productName = UseCaseKitPackageTests;
		};
/* End PBXAggregateTarget section */

/* Begin PBXBuildFile section */
		4FAA50081E9886336F6493DE /* Pods_app_UseCaseKit.framework in Frameworks */ = {isa = PBXBuildFile; fileRef = 3CFFC7091A756E2ECBCB113B /* Pods_app_UseCaseKit.framework */; };
		DB91EABF24D6DA8300ED5A3A /* Quick.framework in Frameworks */ = {isa = PBXBuildFile; fileRef = DB91EAB724D6DA4200ED5A3A /* Quick.framework */; };
		DB91EAC024D6DA8300ED5A3A /* Nimble.framework in Frameworks */ = {isa = PBXBuildFile; fileRef = DB91EAB824D6DA4200ED5A3A /* Nimble.framework */; };
		DB91EAC424D6DB5900ED5A3A /* Nimble.framework in CopyFiles */ = {isa = PBXBuildFile; fileRef = DB91EAC224D6DB5900ED5A3A /* Nimble.framework */; settings = {ATTRIBUTES = (CodeSignOnCopy, RemoveHeadersOnCopy, ); }; };
		DB91EAC524D6DB5900ED5A3A /* Quick.framework in CopyFiles */ = {isa = PBXBuildFile; fileRef = DB91EAC324D6DB5900ED5A3A /* Quick.framework */; settings = {ATTRIBUTES = (CodeSignOnCopy, RemoveHeadersOnCopy, ); }; };
		DB91EAD324D7D66300ED5A3A /* StateRelay.swift in Sources */ = {isa = PBXBuildFile; fileRef = DB91EAD224D7D66300ED5A3A /* StateRelay.swift */; };
		OBJ_29 /* Package.swift in Sources */ = {isa = PBXBuildFile; fileRef = OBJ_6 /* Package.swift */; };
		OBJ_40 /* StateRelaySpec.swift in Sources */ = {isa = PBXBuildFile; fileRef = OBJ_12 /* StateRelaySpec.swift */; };
		OBJ_43 /* UseCaseKit.framework in Frameworks */ = {isa = PBXBuildFile; fileRef = "UseCaseKit::UseCaseKit::Product" /* UseCaseKit.framework */; };
/* End PBXBuildFile section */

/* Begin PBXContainerItemProxy section */
		DB91EAB424D6D71000ED5A3A /* PBXContainerItemProxy */ = {
			isa = PBXContainerItemProxy;
			containerPortal = OBJ_1 /* Project object */;
			proxyType = 1;
			remoteGlobalIDString = "UseCaseKit::UseCaseKit";
			remoteInfo = UseCaseKit;
		};
		DB91EAB524D6D71100ED5A3A /* PBXContainerItemProxy */ = {
			isa = PBXContainerItemProxy;
			containerPortal = OBJ_1 /* Project object */;
			proxyType = 1;
			remoteGlobalIDString = "UseCaseKit::UseCaseKitTests";
			remoteInfo = UseCaseKitTests;
		};
/* End PBXContainerItemProxy section */

/* Begin PBXCopyFilesBuildPhase section */
		DB91EAC124D6DB2B00ED5A3A /* CopyFiles */ = {
			isa = PBXCopyFilesBuildPhase;
			buildActionMask = 2147483647;
			dstPath = "";
			dstSubfolderSpec = 10;
			files = (
				DB91EAC424D6DB5900ED5A3A /* Nimble.framework in CopyFiles */,
				DB91EAC524D6DB5900ED5A3A /* Quick.framework in CopyFiles */,
			);
			runOnlyForDeploymentPostprocessing = 0;
		};
/* End PBXCopyFilesBuildPhase section */

/* Begin PBXFileReference section */
		19254DFF9B772B9527859800 /* Pods-app-UseCaseKit.debug.xcconfig */ = {isa = PBXFileReference; includeInIndex = 1; lastKnownFileType = text.xcconfig; name = "Pods-app-UseCaseKit.debug.xcconfig"; path = "Target Support Files/Pods-app-UseCaseKit/Pods-app-UseCaseKit.debug.xcconfig"; sourceTree = "<group>"; };
		3CFFC7091A756E2ECBCB113B /* Pods_app_UseCaseKit.framework */ = {isa = PBXFileReference; explicitFileType = wrapper.framework; includeInIndex = 0; path = Pods_app_UseCaseKit.framework; sourceTree = BUILT_PRODUCTS_DIR; };
		866DC8036BE422406A55D003 /* Pods-app-UseCaseKit.release.xcconfig */ = {isa = PBXFileReference; includeInIndex = 1; lastKnownFileType = text.xcconfig; name = "Pods-app-UseCaseKit.release.xcconfig"; path = "Target Support Files/Pods-app-UseCaseKit/Pods-app-UseCaseKit.release.xcconfig"; sourceTree = "<group>"; };
		DB91EAB724D6DA4200ED5A3A /* Quick.framework */ = {isa = PBXFileReference; lastKnownFileType = wrapper.framework; name = Quick.framework; path = Carthage/Build/iOS/Quick.framework; sourceTree = "<group>"; };
		DB91EAB824D6DA4200ED5A3A /* Nimble.framework */ = {isa = PBXFileReference; lastKnownFileType = wrapper.framework; name = Nimble.framework; path = Carthage/Build/iOS/Nimble.framework; sourceTree = "<group>"; };
		DB91EABB24D6DA6200ED5A3A /* Nimble.framework */ = {isa = PBXFileReference; lastKnownFileType = wrapper.framework; name = Nimble.framework; path = Carthage/Build/Mac/Nimble.framework; sourceTree = "<group>"; };
		DB91EABC24D6DA6200ED5A3A /* Quick.framework */ = {isa = PBXFileReference; lastKnownFileType = wrapper.framework; name = Quick.framework; path = Carthage/Build/Mac/Quick.framework; sourceTree = "<group>"; };
		DB91EAC224D6DB5900ED5A3A /* Nimble.framework */ = {isa = PBXFileReference; lastKnownFileType = wrapper.framework; name = Nimble.framework; path = Carthage/Build/iOS/Nimble.framework; sourceTree = "<group>"; };
		DB91EAC324D6DB5900ED5A3A /* Quick.framework */ = {isa = PBXFileReference; lastKnownFileType = wrapper.framework; name = Quick.framework; path = Carthage/Build/iOS/Quick.framework; sourceTree = "<group>"; };
		DB91EAD224D7D66300ED5A3A /* StateRelay.swift */ = {isa = PBXFileReference; lastKnownFileType = sourcecode.swift; path = StateRelay.swift; sourceTree = "<group>"; };
		OBJ_12 /* StateRelaySpec.swift */ = {isa = PBXFileReference; lastKnownFileType = sourcecode.swift; path = StateRelaySpec.swift; sourceTree = "<group>"; };
		OBJ_6 /* Package.swift */ = {isa = PBXFileReference; explicitFileType = sourcecode.swift; path = Package.swift; sourceTree = "<group>"; };
		"UseCaseKit::UseCaseKit::Product" /* UseCaseKit.framework */ = {isa = PBXFileReference; lastKnownFileType = wrapper.framework; path = UseCaseKit.framework; sourceTree = BUILT_PRODUCTS_DIR; };
		"UseCaseKit::UseCaseKitTests::Product" /* UseCaseKitTests.xctest */ = {isa = PBXFileReference; explicitFileType = wrapper.cfbundle; path = UseCaseKitTests.xctest; sourceTree = BUILT_PRODUCTS_DIR; };
/* End PBXFileReference section */

/* Begin PBXFrameworksBuildPhase section */
		218E034BBC6CBEACF1287D6C /* Frameworks */ = {
			isa = PBXFrameworksBuildPhase;
			buildActionMask = 2147483647;
			files = (
			);
			runOnlyForDeploymentPostprocessing = 0;
		};
		OBJ_23 /* Frameworks */ = {
			isa = PBXFrameworksBuildPhase;
			buildActionMask = 0;
			files = (
				4FAA50081E9886336F6493DE /* Pods_app_UseCaseKit.framework in Frameworks */,
			);
			runOnlyForDeploymentPostprocessing = 0;
		};
		OBJ_42 /* Frameworks */ = {
			isa = PBXFrameworksBuildPhase;
			buildActionMask = 0;
			files = (
				DB91EABF24D6DA8300ED5A3A /* Quick.framework in Frameworks */,
				DB91EAC024D6DA8300ED5A3A /* Nimble.framework in Frameworks */,
				OBJ_43 /* UseCaseKit.framework in Frameworks */,
			);
			runOnlyForDeploymentPostprocessing = 0;
		};
/* End PBXFrameworksBuildPhase section */

/* Begin PBXGroup section */
		AF2BC7F074B591B27429D18E /* Pods */ = {
			isa = PBXGroup;
			children = (
				19254DFF9B772B9527859800 /* Pods-app-UseCaseKit.debug.xcconfig */,
				866DC8036BE422406A55D003 /* Pods-app-UseCaseKit.release.xcconfig */,
			);
			path = Pods;
			sourceTree = "<group>";
		};
		DB91EAB624D6DA4200ED5A3A /* Frameworks */ = {
			isa = PBXGroup;
			children = (
				DB91EABB24D6DA6200ED5A3A /* Nimble.framework */,
				DB91EABC24D6DA6200ED5A3A /* Quick.framework */,
				DB91EAB824D6DA4200ED5A3A /* Nimble.framework */,
				DB91EAB724D6DA4200ED5A3A /* Quick.framework */,
				3CFFC7091A756E2ECBCB113B /* Pods_app_UseCaseKit.framework */,
			);
			name = Frameworks;
			sourceTree = "<group>";
		};
		OBJ_10 /* Tests */ = {
			isa = PBXGroup;
			children = (
				OBJ_11 /* UseCaseKitTests */,
			);
			name = Tests;
			sourceTree = SOURCE_ROOT;
		};
		OBJ_11 /* UseCaseKitTests */ = {
			isa = PBXGroup;
			children = (
				OBJ_12 /* StateRelaySpec.swift */,
			);
			name = UseCaseKitTests;
			path = Tests/UseCaseKitTests;
			sourceTree = SOURCE_ROOT;
		};
		OBJ_14 /* Products */ = {
			isa = PBXGroup;
			children = (
				"UseCaseKit::UseCaseKitTests::Product" /* UseCaseKitTests.xctest */,
				"UseCaseKit::UseCaseKit::Product" /* UseCaseKit.framework */,
			);
			name = Products;
			sourceTree = BUILT_PRODUCTS_DIR;
		};
		OBJ_5 = {
			isa = PBXGroup;
			children = (
				DB91EAC224D6DB5900ED5A3A /* Nimble.framework */,
				DB91EAC324D6DB5900ED5A3A /* Quick.framework */,
				OBJ_6 /* Package.swift */,
				OBJ_7 /* Sources */,
				OBJ_10 /* Tests */,
				OBJ_14 /* Products */,
				DB91EAB624D6DA4200ED5A3A /* Frameworks */,
				AF2BC7F074B591B27429D18E /* Pods */,
			);
			sourceTree = "<group>";
		};
		OBJ_7 /* Sources */ = {
			isa = PBXGroup;
			children = (
				OBJ_8 /* UseCaseKit */,
			);
			name = Sources;
			sourceTree = SOURCE_ROOT;
		};
		OBJ_8 /* UseCaseKit */ = {
			isa = PBXGroup;
			children = (
				DB91EAD224D7D66300ED5A3A /* StateRelay.swift */,
			);
			name = UseCaseKit;
			path = Sources/UseCaseKit;
			sourceTree = SOURCE_ROOT;
		};
/* End PBXGroup section */

/* Begin PBXNativeTarget section */
		"UseCaseKit::SwiftPMPackageDescription" /* UseCaseKitPackageDescription */ = {
			isa = PBXNativeTarget;
			buildConfigurationList = OBJ_25 /* Build configuration list for PBXNativeTarget "UseCaseKitPackageDescription" */;
			buildPhases = (
				OBJ_28 /* Sources */,
				218E034BBC6CBEACF1287D6C /* Frameworks */,
			);
			buildRules = (
			);
			dependencies = (
			);
			name = UseCaseKitPackageDescription;
			productName = UseCaseKitPackageDescription;
			productType = "com.apple.product-type.framework";
		};
		"UseCaseKit::UseCaseKit" /* UseCaseKit */ = {
			isa = PBXNativeTarget;
			buildConfigurationList = OBJ_18 /* Build configuration list for PBXNativeTarget "UseCaseKit" */;
			buildPhases = (
				C7691494D288BE12AFC533D8 /* [CP] Check Pods Manifest.lock */,
				OBJ_21 /* Sources */,
				OBJ_23 /* Frameworks */,
				DB91EACA24D7477300ED5A3A /* ShellScript */,
			);
			buildRules = (
			);
			dependencies = (
			);
			name = UseCaseKit;
			productName = UseCaseKit;
			productReference = "UseCaseKit::UseCaseKit::Product" /* UseCaseKit.framework */;
			productType = "com.apple.product-type.framework";
		};
		"UseCaseKit::UseCaseKitTests" /* UseCaseKitTests */ = {
			isa = PBXNativeTarget;
			buildConfigurationList = OBJ_36 /* Build configuration list for PBXNativeTarget "UseCaseKitTests" */;
			buildPhases = (
				OBJ_39 /* Sources */,
				OBJ_42 /* Frameworks */,
				DB91EAC124D6DB2B00ED5A3A /* CopyFiles */,
			);
			buildRules = (
			);
			dependencies = (
				OBJ_44 /* PBXTargetDependency */,
			);
			name = UseCaseKitTests;
			productName = UseCaseKitTests;
			productReference = "UseCaseKit::UseCaseKitTests::Product" /* UseCaseKitTests.xctest */;
			productType = "com.apple.product-type.bundle.unit-test";
		};
/* End PBXNativeTarget section */

/* Begin PBXProject section */
		OBJ_1 /* Project object */ = {
			isa = PBXProject;
			attributes = {
				LastSwiftMigration = 9999;
				LastUpgradeCheck = 9999;
			};
			buildConfigurationList = OBJ_2 /* Build configuration list for PBXProject "UseCaseKit" */;
			compatibilityVersion = "Xcode 3.2";
			developmentRegion = en;
			hasScannedForEncodings = 0;
			knownRegions = (
				en,
			);
			mainGroup = OBJ_5;
			productRefGroup = OBJ_14 /* Products */;
			projectDirPath = "";
			projectRoot = "";
			targets = (
				"UseCaseKit::UseCaseKit" /* UseCaseKit */,
				"UseCaseKit::SwiftPMPackageDescription" /* UseCaseKitPackageDescription */,
				"UseCaseKit::UseCaseKitPackageTests::ProductTarget" /* UseCaseKitPackageTests */,
				"UseCaseKit::UseCaseKitTests" /* UseCaseKitTests */,
			);
		};
/* End PBXProject section */

/* Begin PBXShellScriptBuildPhase section */
		C7691494D288BE12AFC533D8 /* [CP] Check Pods Manifest.lock */ = {
			isa = PBXShellScriptBuildPhase;
			buildActionMask = 2147483647;
			files = (
			);
			inputFileListPaths = (
			);
			inputPaths = (
				"${PODS_PODFILE_DIR_PATH}/Podfile.lock",
				"${PODS_ROOT}/Manifest.lock",
			);
			name = "[CP] Check Pods Manifest.lock";
			outputFileListPaths = (
			);
			outputPaths = (
				"$(DERIVED_FILE_DIR)/Pods-app-UseCaseKit-checkManifestLockResult.txt",
			);
			runOnlyForDeploymentPostprocessing = 0;
			shellPath = /bin/sh;
			shellScript = "diff \"${PODS_PODFILE_DIR_PATH}/Podfile.lock\" \"${PODS_ROOT}/Manifest.lock\" > /dev/null\nif [ $? != 0 ] ; then\n    # print error to STDERR\n    echo \"error: The sandbox is not in sync with the Podfile.lock. Run 'pod install' or update your CocoaPods installation.\" >&2\n    exit 1\nfi\n# This output is used by Xcode 'outputs' to avoid re-running this script phase.\necho \"SUCCESS\" > \"${SCRIPT_OUTPUT_FILE_0}\"\n";
			showEnvVarsInLog = 0;
		};
		DB91EACA24D7477300ED5A3A /* ShellScript */ = {
			isa = PBXShellScriptBuildPhase;
			buildActionMask = 2147483647;
			files = (
			);
			inputFileListPaths = (
			);
			inputPaths = (
			);
			outputFileListPaths = (
			);
			outputPaths = (
			);
			runOnlyForDeploymentPostprocessing = 0;
			shellPath = /bin/sh;
			shellScript = "if which ${PODS_ROOT}/SwiftLint/swiftlint >/dev/null; then\n  \"${PODS_ROOT}/SwiftLint/swiftlint\"\nelse\n  echo \"warning: SwiftLint not installed, download from https://github.com/realm/SwiftLint\"\nfi\n";
		};
/* End PBXShellScriptBuildPhase section */

/* Begin PBXSourcesBuildPhase section */
		OBJ_21 /* Sources */ = {
			isa = PBXSourcesBuildPhase;
			buildActionMask = 0;
			files = (
				DB91EAD324D7D66300ED5A3A /* StateRelay.swift in Sources */,
			);
			runOnlyForDeploymentPostprocessing = 0;
		};
		OBJ_28 /* Sources */ = {
			isa = PBXSourcesBuildPhase;
			buildActionMask = 0;
			files = (
				OBJ_29 /* Package.swift in Sources */,
			);
			runOnlyForDeploymentPostprocessing = 0;
		};
		OBJ_39 /* Sources */ = {
			isa = PBXSourcesBuildPhase;
			buildActionMask = 0;
			files = (
				OBJ_40 /* StateRelaySpec.swift in Sources */,
			);
			runOnlyForDeploymentPostprocessing = 0;
		};
/* End PBXSourcesBuildPhase section */

/* Begin PBXTargetDependency section */
		OBJ_34 /* PBXTargetDependency */ = {
			isa = PBXTargetDependency;
			target = "UseCaseKit::UseCaseKitTests" /* UseCaseKitTests */;
			targetProxy = DB91EAB524D6D71100ED5A3A /* PBXContainerItemProxy */;
		};
		OBJ_44 /* PBXTargetDependency */ = {
			isa = PBXTargetDependency;
			target = "UseCaseKit::UseCaseKit" /* UseCaseKit */;
			targetProxy = DB91EAB424D6D71000ED5A3A /* PBXContainerItemProxy */;
		};
/* End PBXTargetDependency section */

/* Begin XCBuildConfiguration section */
		OBJ_19 /* Debug */ = {
			isa = XCBuildConfiguration;
			baseConfigurationReference = 19254DFF9B772B9527859800 /* Pods-app-UseCaseKit.debug.xcconfig */;
			buildSettings = {
				ENABLE_TESTABILITY = YES;
				FRAMEWORK_SEARCH_PATHS = (
					"$(inherited)",
					"$(PLATFORM_DIR)/Developer/Library/Frameworks",
				);
				HEADER_SEARCH_PATHS = "$(inherited)";
				INFOPLIST_FILE = UseCaseKit.xcodeproj/UseCaseKit_Info.plist;
				IPHONEOS_DEPLOYMENT_TARGET = 8.0;
				LD_RUNPATH_SEARCH_PATHS = "$(inherited) $(TOOLCHAIN_DIR)/usr/lib/swift/macosx";
				MACOSX_DEPLOYMENT_TARGET = 10.10;
				OTHER_CFLAGS = "$(inherited)";
				OTHER_LDFLAGS = "$(inherited)";
				OTHER_SWIFT_FLAGS = "$(inherited)";
				PRODUCT_BUNDLE_IDENTIFIER = UseCaseKit;
				PRODUCT_MODULE_NAME = "$(TARGET_NAME:c99extidentifier)";
				PRODUCT_NAME = "$(TARGET_NAME:c99extidentifier)";
				SKIP_INSTALL = YES;
				SWIFT_ACTIVE_COMPILATION_CONDITIONS = "$(inherited)";
				SWIFT_VERSION = 5.0;
				TARGET_NAME = UseCaseKit;
				TVOS_DEPLOYMENT_TARGET = 9.0;
				WATCHOS_DEPLOYMENT_TARGET = 2.0;
			};
			name = Debug;
		};
		OBJ_20 /* Release */ = {
			isa = XCBuildConfiguration;
			baseConfigurationReference = 866DC8036BE422406A55D003 /* Pods-app-UseCaseKit.release.xcconfig */;
			buildSettings = {
				ENABLE_TESTABILITY = YES;
				FRAMEWORK_SEARCH_PATHS = (
					"$(inherited)",
					"$(PLATFORM_DIR)/Developer/Library/Frameworks",
				);
				HEADER_SEARCH_PATHS = "$(inherited)";
				INFOPLIST_FILE = UseCaseKit.xcodeproj/UseCaseKit_Info.plist;
				IPHONEOS_DEPLOYMENT_TARGET = 8.0;
				LD_RUNPATH_SEARCH_PATHS = "$(inherited) $(TOOLCHAIN_DIR)/usr/lib/swift/macosx";
				MACOSX_DEPLOYMENT_TARGET = 10.10;
				OTHER_CFLAGS = "$(inherited)";
				OTHER_LDFLAGS = "$(inherited)";
				OTHER_SWIFT_FLAGS = "$(inherited)";
				PRODUCT_BUNDLE_IDENTIFIER = UseCaseKit;
				PRODUCT_MODULE_NAME = "$(TARGET_NAME:c99extidentifier)";
				PRODUCT_NAME = "$(TARGET_NAME:c99extidentifier)";
				SKIP_INSTALL = YES;
				SWIFT_ACTIVE_COMPILATION_CONDITIONS = "$(inherited)";
				SWIFT_VERSION = 5.0;
				TARGET_NAME = UseCaseKit;
				TVOS_DEPLOYMENT_TARGET = 9.0;
				WATCHOS_DEPLOYMENT_TARGET = 2.0;
			};
			name = Release;
		};
		OBJ_26 /* Debug */ = {
			isa = XCBuildConfiguration;
			buildSettings = {
				LD = /usr/bin/true;
				OTHER_SWIFT_FLAGS = "-swift-version 5 -I $(TOOLCHAIN_DIR)/usr/lib/swift/pm/4_2 -target x86_64-apple-macosx10.10 -sdk /Applications/Xcode.app/Contents/Developer/Platforms/MacOSX.platform/Developer/SDKs/MacOSX10.15.sdk -package-description-version 5.2.0";
				SWIFT_VERSION = 5.0;
			};
			name = Debug;
		};
		OBJ_27 /* Release */ = {
			isa = XCBuildConfiguration;
			buildSettings = {
				LD = /usr/bin/true;
				OTHER_SWIFT_FLAGS = "-swift-version 5 -I $(TOOLCHAIN_DIR)/usr/lib/swift/pm/4_2 -target x86_64-apple-macosx10.10 -sdk /Applications/Xcode.app/Contents/Developer/Platforms/MacOSX.platform/Developer/SDKs/MacOSX10.15.sdk -package-description-version 5.2.0";
				SWIFT_VERSION = 5.0;
			};
			name = Release;
		};
		OBJ_3 /* Debug */ = {
			isa = XCBuildConfiguration;
			buildSettings = {
				CLANG_ENABLE_OBJC_ARC = YES;
				COMBINE_HIDPI_IMAGES = YES;
				COPY_PHASE_STRIP = NO;
				DEBUG_INFORMATION_FORMAT = dwarf;
				DYLIB_INSTALL_NAME_BASE = "@rpath";
				ENABLE_NS_ASSERTIONS = YES;
				GCC_OPTIMIZATION_LEVEL = 0;
				GCC_PREPROCESSOR_DEFINITIONS = (
					"$(inherited)",
					"SWIFT_PACKAGE=1",
					"DEBUG=1",
				);
				MACOSX_DEPLOYMENT_TARGET = 10.10;
				ONLY_ACTIVE_ARCH = YES;
				OTHER_SWIFT_FLAGS = "$(inherited) -DXcode";
				PRODUCT_NAME = "$(TARGET_NAME)";
				SDKROOT = macosx;
				SUPPORTED_PLATFORMS = "macosx iphoneos iphonesimulator appletvos appletvsimulator watchos watchsimulator";
				SWIFT_ACTIVE_COMPILATION_CONDITIONS = "$(inherited) SWIFT_PACKAGE DEBUG";
				SWIFT_OPTIMIZATION_LEVEL = "-Onone";
				USE_HEADERMAP = NO;
			};
			name = Debug;
		};
		OBJ_32 /* Debug */ = {
			isa = XCBuildConfiguration;
			buildSettings = {
			};
			name = Debug;
		};
		OBJ_33 /* Release */ = {
			isa = XCBuildConfiguration;
			buildSettings = {
			};
			name = Release;
		};
		OBJ_37 /* Debug */ = {
			isa = XCBuildConfiguration;
			buildSettings = {
				CLANG_ENABLE_MODULES = YES;
				EMBEDDED_CONTENT_CONTAINS_SWIFT = YES;
				FRAMEWORK_SEARCH_PATHS = (
					"$(inherited)",
					"$(PLATFORM_DIR)/Developer/Library/Frameworks",
					"$(PROJECT_DIR)/Carthage/Build/iOS",
					"$(PROJECT_DIR)/Carthage/Build/Mac",
				);
				HEADER_SEARCH_PATHS = "$(inherited)";
				INFOPLIST_FILE = UseCaseKit.xcodeproj/UseCaseKitTests_Info.plist;
				IPHONEOS_DEPLOYMENT_TARGET = 8.0;
				LD_RUNPATH_SEARCH_PATHS = "$(inherited) @loader_path/../Frameworks @loader_path/Frameworks";
				MACOSX_DEPLOYMENT_TARGET = 10.10;
				OTHER_CFLAGS = "$(inherited)";
				OTHER_LDFLAGS = "$(inherited)";
				OTHER_SWIFT_FLAGS = "$(inherited)";
				SWIFT_ACTIVE_COMPILATION_CONDITIONS = "$(inherited)";
				SWIFT_VERSION = 5.0;
				TARGET_NAME = UseCaseKitTests;
				TVOS_DEPLOYMENT_TARGET = 9.0;
				WATCHOS_DEPLOYMENT_TARGET = 2.0;
			};
			name = Debug;
		};
		OBJ_38 /* Release */ = {
			isa = XCBuildConfiguration;
			buildSettings = {
				CLANG_ENABLE_MODULES = YES;
				EMBEDDED_CONTENT_CONTAINS_SWIFT = YES;
				FRAMEWORK_SEARCH_PATHS = (
					"$(inherited)",
					"$(PLATFORM_DIR)/Developer/Library/Frameworks",
					"$(PROJECT_DIR)/Carthage/Build/iOS",
					"$(PROJECT_DIR)/Carthage/Build/Mac",
				);
				HEADER_SEARCH_PATHS = "$(inherited)";
				INFOPLIST_FILE = UseCaseKit.xcodeproj/UseCaseKitTests_Info.plist;
				IPHONEOS_DEPLOYMENT_TARGET = 8.0;
				LD_RUNPATH_SEARCH_PATHS = "$(inherited) @loader_path/../Frameworks @loader_path/Frameworks";
				MACOSX_DEPLOYMENT_TARGET = 10.10;
				OTHER_CFLAGS = "$(inherited)";
				OTHER_LDFLAGS = "$(inherited)";
				OTHER_SWIFT_FLAGS = "$(inherited)";
				SWIFT_ACTIVE_COMPILATION_CONDITIONS = "$(inherited)";
				SWIFT_VERSION = 5.0;
				TARGET_NAME = UseCaseKitTests;
				TVOS_DEPLOYMENT_TARGET = 9.0;
				WATCHOS_DEPLOYMENT_TARGET = 2.0;
			};
			name = Release;
		};
		OBJ_4 /* Release */ = {
			isa = XCBuildConfiguration;
			buildSettings = {
				CLANG_ENABLE_OBJC_ARC = YES;
				COMBINE_HIDPI_IMAGES = YES;
				COPY_PHASE_STRIP = YES;
				DEBUG_INFORMATION_FORMAT = "dwarf-with-dsym";
				DYLIB_INSTALL_NAME_BASE = "@rpath";
				GCC_OPTIMIZATION_LEVEL = s;
				GCC_PREPROCESSOR_DEFINITIONS = (
					"$(inherited)",
					"SWIFT_PACKAGE=1",
				);
				MACOSX_DEPLOYMENT_TARGET = 10.10;
				OTHER_SWIFT_FLAGS = "$(inherited) -DXcode";
				PRODUCT_NAME = "$(TARGET_NAME)";
				SDKROOT = macosx;
				SUPPORTED_PLATFORMS = "macosx iphoneos iphonesimulator appletvos appletvsimulator watchos watchsimulator";
				SWIFT_ACTIVE_COMPILATION_CONDITIONS = "$(inherited) SWIFT_PACKAGE";
				SWIFT_OPTIMIZATION_LEVEL = "-Owholemodule";
				USE_HEADERMAP = NO;
			};
			name = Release;
		};
/* End XCBuildConfiguration section */

/* Begin XCConfigurationList section */
		OBJ_18 /* Build configuration list for PBXNativeTarget "UseCaseKit" */ = {
			isa = XCConfigurationList;
			buildConfigurations = (
				OBJ_19 /* Debug */,
				OBJ_20 /* Release */,
			);
			defaultConfigurationIsVisible = 0;
			defaultConfigurationName = Release;
		};
		OBJ_2 /* Build configuration list for PBXProject "UseCaseKit" */ = {
			isa = XCConfigurationList;
			buildConfigurations = (
				OBJ_3 /* Debug */,
				OBJ_4 /* Release */,
			);
			defaultConfigurationIsVisible = 0;
			defaultConfigurationName = Release;
		};
		OBJ_25 /* Build configuration list for PBXNativeTarget "UseCaseKitPackageDescription" */ = {
			isa = XCConfigurationList;
			buildConfigurations = (
				OBJ_26 /* Debug */,
				OBJ_27 /* Release */,
			);
			defaultConfigurationIsVisible = 0;
			defaultConfigurationName = Release;
		};
		OBJ_31 /* Build configuration list for PBXAggregateTarget "UseCaseKitPackageTests" */ = {
			isa = XCConfigurationList;
			buildConfigurations = (
				OBJ_32 /* Debug */,
				OBJ_33 /* Release */,
			);
			defaultConfigurationIsVisible = 0;
			defaultConfigurationName = Release;
		};
		OBJ_36 /* Build configuration list for PBXNativeTarget "UseCaseKitTests" */ = {
			isa = XCConfigurationList;
			buildConfigurations = (
				OBJ_37 /* Debug */,
				OBJ_38 /* Release */,
			);
			defaultConfigurationIsVisible = 0;
			defaultConfigurationName = Release;
		};
/* End XCConfigurationList section */
	};
	rootObject = OBJ_1 /* Project object */;
}
